// !$*UTF8*$!
{
	archiveVersion = 1;
	classes = {
	};
	objectVersion = 46;
	objects = {

/* Begin PBXBuildFile section */
		A14D86171F8FD67B003C2783 /* AppDelegate.swift in Sources */ = {isa = PBXBuildFile; fileRef = A14D86161F8FD67B003C2783 /* AppDelegate.swift */; };
		A14D86191F8FD67B003C2783 /* ViewController.swift in Sources */ = {isa = PBXBuildFile; fileRef = A14D86181F8FD67B003C2783 /* ViewController.swift */; };
		A14D861C1F8FD67B003C2783 /* Main.storyboard in Resources */ = {isa = PBXBuildFile; fileRef = A14D861A1F8FD67B003C2783 /* Main.storyboard */; };
		A14D861F1F8FD67B003C2783 /* NaturalDisaster.xcdatamodeld in Sources */ = {isa = PBXBuildFile; fileRef = A14D861D1F8FD67B003C2783 /* NaturalDisaster.xcdatamodeld */; };
		A14D86211F8FD67B003C2783 /* Assets.xcassets in Resources */ = {isa = PBXBuildFile; fileRef = A14D86201F8FD67B003C2783 /* Assets.xcassets */; };
		A14D86241F8FD67B003C2783 /* LaunchScreen.storyboard in Resources */ = {isa = PBXBuildFile; fileRef = A14D86221F8FD67B003C2783 /* LaunchScreen.storyboard */; };
		A14D862D1F8FDA6B003C2783 /* EmergencyKit.storyboard in Resources */ = {isa = PBXBuildFile; fileRef = A14D862B1F8FDA6B003C2783 /* EmergencyKit.storyboard */; };
		A14D862F1F91AF35003C2783 /* EmergencyKitViewController.swift in Sources */ = {isa = PBXBuildFile; fileRef = A14D862E1F91AF35003C2783 /* EmergencyKitViewController.swift */; };
		A14D86321F91DD9B003C2783 /*  Settings.storyboard in Resources */ = {isa = PBXBuildFile; fileRef = A14D86301F91DD9B003C2783 /*  Settings.storyboard */; };
		A181884E1F92E03100E738E0 /* Contact.storyboard in Resources */ = {isa = PBXBuildFile; fileRef = A181884C1F92E03100E738E0 /* Contact.storyboard */; };
		A1FAABE61F91F35F00118F78 /* CoreDataHelper.swift in Sources */ = {isa = PBXBuildFile; fileRef = A1FAABE51F91F35F00118F78 /* CoreDataHelper.swift */; };
		A1FAABE81F92047D00118F78 /* FoodViewController.swift in Sources */ = {isa = PBXBuildFile; fileRef = A1FAABE71F92047D00118F78 /* FoodViewController.swift */; };
		A1FAABEA1F9204D300118F78 /* AddFoodViewController.swift in Sources */ = {isa = PBXBuildFile; fileRef = A1FAABE91F9204D300118F78 /* AddFoodViewController.swift */; };
		A1FAABEC1F92122600118F78 /* FoodCell.swift in Sources */ = {isa = PBXBuildFile; fileRef = A1FAABEB1F92122600118F78 /* FoodCell.swift */; };
		A1FAABEE1F92482300118F78 /* FirstAidViewController.swift in Sources */ = {isa = PBXBuildFile; fileRef = A1FAABED1F92482300118F78 /* FirstAidViewController.swift */; };
		A1FAABF01F92484A00118F78 /* AddFirstAidViewController.swift in Sources */ = {isa = PBXBuildFile; fileRef = A1FAABEF1F92484A00118F78 /* AddFirstAidViewController.swift */; };
		A1FAABF21F92487B00118F78 /* FirstAidCell.swift in Sources */ = {isa = PBXBuildFile; fileRef = A1FAABF11F92487B00118F78 /* FirstAidCell.swift */; };
		A1FAABF41F92506B00118F78 /* OtherViewController.swift in Sources */ = {isa = PBXBuildFile; fileRef = A1FAABF31F92506B00118F78 /* OtherViewController.swift */; };
		A1FAABF61F9250EA00118F78 /* AddOtherViewController.swift in Sources */ = {isa = PBXBuildFile; fileRef = A1FAABF51F9250EA00118F78 /* AddOtherViewController.swift */; };
		A1FAABF81F92515100118F78 /* OtherCell.swift in Sources */ = {isa = PBXBuildFile; fileRef = A1FAABF71F92515100118F78 /* OtherCell.swift */; };
		A1FAABFA1F92613300118F78 /* ClothesViewController.swift in Sources */ = {isa = PBXBuildFile; fileRef = A1FAABF91F92613300118F78 /* ClothesViewController.swift */; };
		A1FAABFC1F92617100118F78 /* AddClothesViewController.swift in Sources */ = {isa = PBXBuildFile; fileRef = A1FAABFB1F92617000118F78 /* AddClothesViewController.swift */; };
		A1FAABFE1F92621A00118F78 /* ClothesCell.swift in Sources */ = {isa = PBXBuildFile; fileRef = A1FAABFD1F92621A00118F78 /* ClothesCell.swift */; };
		A1FAAC001F92651A00118F78 /* UtilitesViewController.swift in Sources */ = {isa = PBXBuildFile; fileRef = A1FAABFF1F92651A00118F78 /* UtilitesViewController.swift */; };
		A1FAAC021F92655E00118F78 /* AddUtilitiesViewController.swift in Sources */ = {isa = PBXBuildFile; fileRef = A1FAAC011F92655E00118F78 /* AddUtilitiesViewController.swift */; };
		A1FAAC041F92663200118F78 /* UtilitiesCell.swift in Sources */ = {isa = PBXBuildFile; fileRef = A1FAAC031F92663100118F78 /* UtilitiesCell.swift */; };
		A1FAAC081F92B4C300118F78 /* ContactExtraction.swift in Sources */ = {isa = PBXBuildFile; fileRef = A1FAAC071F92B4C200118F78 /* ContactExtraction.swift */; };
/* End PBXBuildFile section */

/* Begin PBXFileReference section */
		A14D86131F8FD67B003C2783 /* NaturalDisaster.app */ = {isa = PBXFileReference; explicitFileType = wrapper.application; includeInIndex = 0; path = NaturalDisaster.app; sourceTree = BUILT_PRODUCTS_DIR; };
		A14D86161F8FD67B003C2783 /* AppDelegate.swift */ = {isa = PBXFileReference; lastKnownFileType = sourcecode.swift; path = AppDelegate.swift; sourceTree = "<group>"; };
		A14D86181F8FD67B003C2783 /* ViewController.swift */ = {isa = PBXFileReference; lastKnownFileType = sourcecode.swift; path = ViewController.swift; sourceTree = "<group>"; };
		A14D861B1F8FD67B003C2783 /* Base */ = {isa = PBXFileReference; lastKnownFileType = file.storyboard; name = Base; path = Base.lproj/Main.storyboard; sourceTree = "<group>"; };
		A14D861E1F8FD67B003C2783 /* NaturalDisaster.xcdatamodel */ = {isa = PBXFileReference; lastKnownFileType = wrapper.xcdatamodel; path = NaturalDisaster.xcdatamodel; sourceTree = "<group>"; };
		A14D86201F8FD67B003C2783 /* Assets.xcassets */ = {isa = PBXFileReference; lastKnownFileType = folder.assetcatalog; path = Assets.xcassets; sourceTree = "<group>"; };
		A14D86231F8FD67B003C2783 /* Base */ = {isa = PBXFileReference; lastKnownFileType = file.storyboard; name = Base; path = Base.lproj/LaunchScreen.storyboard; sourceTree = "<group>"; };
		A14D86251F8FD67B003C2783 /* Info.plist */ = {isa = PBXFileReference; lastKnownFileType = text.plist.xml; path = Info.plist; sourceTree = "<group>"; };
		A14D862C1F8FDA6B003C2783 /* Base */ = {isa = PBXFileReference; lastKnownFileType = file.storyboard; name = Base; path = Base.lproj/EmergencyKit.storyboard; sourceTree = "<group>"; };
		A14D862E1F91AF35003C2783 /* EmergencyKitViewController.swift */ = {isa = PBXFileReference; fileEncoding = 4; lastKnownFileType = sourcecode.swift; name = EmergencyKitViewController.swift; path = ../../../../../Documents/EmergencyKitViewController.swift; sourceTree = "<group>"; };
		A14D86311F91DD9B003C2783 /* Base */ = {isa = PBXFileReference; lastKnownFileType = file.storyboard; name = Base; path = "Base.lproj/ Settings.storyboard"; sourceTree = "<group>"; };
		A181884D1F92E03100E738E0 /* Base */ = {isa = PBXFileReference; lastKnownFileType = file.storyboard; name = Base; path = Base.lproj/Contact.storyboard; sourceTree = "<group>"; };
		A1FAABE51F91F35F00118F78 /* CoreDataHelper.swift */ = {isa = PBXFileReference; fileEncoding = 4; lastKnownFileType = sourcecode.swift; path = CoreDataHelper.swift; sourceTree = "<group>"; };
		A1FAABE71F92047D00118F78 /* FoodViewController.swift */ = {isa = PBXFileReference; fileEncoding = 4; lastKnownFileType = sourcecode.swift; path = FoodViewController.swift; sourceTree = "<group>"; };
		A1FAABE91F9204D300118F78 /* AddFoodViewController.swift */ = {isa = PBXFileReference; fileEncoding = 4; lastKnownFileType = sourcecode.swift; path = AddFoodViewController.swift; sourceTree = "<group>"; };
		A1FAABEB1F92122600118F78 /* FoodCell.swift */ = {isa = PBXFileReference; fileEncoding = 4; lastKnownFileType = sourcecode.swift; path = FoodCell.swift; sourceTree = "<group>"; };
		A1FAABED1F92482300118F78 /* FirstAidViewController.swift */ = {isa = PBXFileReference; fileEncoding = 4; lastKnownFileType = sourcecode.swift; path = FirstAidViewController.swift; sourceTree = "<group>"; };
		A1FAABEF1F92484A00118F78 /* AddFirstAidViewController.swift */ = {isa = PBXFileReference; fileEncoding = 4; lastKnownFileType = sourcecode.swift; path = AddFirstAidViewController.swift; sourceTree = "<group>"; };
		A1FAABF11F92487B00118F78 /* FirstAidCell.swift */ = {isa = PBXFileReference; fileEncoding = 4; lastKnownFileType = sourcecode.swift; path = FirstAidCell.swift; sourceTree = "<group>"; };
		A1FAABF31F92506B00118F78 /* OtherViewController.swift */ = {isa = PBXFileReference; fileEncoding = 4; lastKnownFileType = sourcecode.swift; path = OtherViewController.swift; sourceTree = "<group>"; };
		A1FAABF51F9250EA00118F78 /* AddOtherViewController.swift */ = {isa = PBXFileReference; fileEncoding = 4; lastKnownFileType = sourcecode.swift; path = AddOtherViewController.swift; sourceTree = "<group>"; };
		A1FAABF71F92515100118F78 /* OtherCell.swift */ = {isa = PBXFileReference; fileEncoding = 4; lastKnownFileType = sourcecode.swift; path = OtherCell.swift; sourceTree = "<group>"; };
		A1FAABF91F92613300118F78 /* ClothesViewController.swift */ = {isa = PBXFileReference; fileEncoding = 4; lastKnownFileType = sourcecode.swift; path = ClothesViewController.swift; sourceTree = "<group>"; };
		A1FAABFB1F92617000118F78 /* AddClothesViewController.swift */ = {isa = PBXFileReference; fileEncoding = 4; lastKnownFileType = sourcecode.swift; path = AddClothesViewController.swift; sourceTree = "<group>"; };
		A1FAABFD1F92621A00118F78 /* ClothesCell.swift */ = {isa = PBXFileReference; fileEncoding = 4; lastKnownFileType = sourcecode.swift; path = ClothesCell.swift; sourceTree = "<group>"; };
		A1FAABFF1F92651A00118F78 /* UtilitesViewController.swift */ = {isa = PBXFileReference; fileEncoding = 4; lastKnownFileType = sourcecode.swift; path = UtilitesViewController.swift; sourceTree = "<group>"; };
		A1FAAC011F92655E00118F78 /* AddUtilitiesViewController.swift */ = {isa = PBXFileReference; fileEncoding = 4; lastKnownFileType = sourcecode.swift; path = AddUtilitiesViewController.swift; sourceTree = "<group>"; };
		A1FAAC031F92663100118F78 /* UtilitiesCell.swift */ = {isa = PBXFileReference; fileEncoding = 4; lastKnownFileType = sourcecode.swift; path = UtilitiesCell.swift; sourceTree = "<group>"; };
		A1FAAC071F92B4C200118F78 /* ContactExtraction.swift */ = {isa = PBXFileReference; fileEncoding = 4; lastKnownFileType = sourcecode.swift; name = ContactExtraction.swift; path = ../ContactExtraction.swift; sourceTree = "<group>"; };
/* End PBXFileReference section */

/* Begin PBXFrameworksBuildPhase section */
		A14D86101F8FD67B003C2783 /* Frameworks */ = {
			isa = PBXFrameworksBuildPhase;
			buildActionMask = 2147483647;
			files = (
			);
			runOnlyForDeploymentPostprocessing = 0;
		};
/* End PBXFrameworksBuildPhase section */

/* Begin PBXGroup section */
		A14D860A1F8FD67B003C2783 = {
			isa = PBXGroup;
			children = (
				A14D86151F8FD67B003C2783 /* NaturalDisaster */,
				A14D86141F8FD67B003C2783 /* Products */,
			);
			sourceTree = "<group>";
		};
		A14D86141F8FD67B003C2783 /* Products */ = {
			isa = PBXGroup;
			children = (
				A14D86131F8FD67B003C2783 /* NaturalDisaster.app */,
			);
			name = Products;
			sourceTree = "<group>";
		};
		A14D86151F8FD67B003C2783 /* NaturalDisaster */ = {
			isa = PBXGroup;
			children = (
				A14D86161F8FD67B003C2783 /* AppDelegate.swift */,
				A14D86181F8FD67B003C2783 /* ViewController.swift */,
				A14D862E1F91AF35003C2783 /* EmergencyKitViewController.swift */,
				A1FAABE51F91F35F00118F78 /* CoreDataHelper.swift */,
				A14D861A1F8FD67B003C2783 /* Main.storyboard */,
				A181884C1F92E03100E738E0 /* Contact.storyboard */,
				A14D86301F91DD9B003C2783 /*  Settings.storyboard */,
				A14D862B1F8FDA6B003C2783 /* EmergencyKit.storyboard */,
				A1FAABFF1F92651A00118F78 /* UtilitesViewController.swift */,
				A1FAAC011F92655E00118F78 /* AddUtilitiesViewController.swift */,
				A1FAAC031F92663100118F78 /* UtilitiesCell.swift */,
				A1FAABF91F92613300118F78 /* ClothesViewController.swift */,
				A1FAABFB1F92617000118F78 /* AddClothesViewController.swift */,
				A1FAABFD1F92621A00118F78 /* ClothesCell.swift */,
				A1FAABF31F92506B00118F78 /* OtherViewController.swift */,
				A1FAABF51F9250EA00118F78 /* AddOtherViewController.swift */,
				A1FAABF71F92515100118F78 /* OtherCell.swift */,
				A1FAABED1F92482300118F78 /* FirstAidViewController.swift */,
				A1FAABEF1F92484A00118F78 /* AddFirstAidViewController.swift */,
				A1FAABF11F92487B00118F78 /* FirstAidCell.swift */,
				A1FAABEB1F92122600118F78 /* FoodCell.swift */,
				A1FAABE71F92047D00118F78 /* FoodViewController.swift */,
				A1FAABE91F9204D300118F78 /* AddFoodViewController.swift */,
				A14D86201F8FD67B003C2783 /* Assets.xcassets */,
				A14D86221F8FD67B003C2783 /* LaunchScreen.storyboard */,
				A14D86251F8FD67B003C2783 /* Info.plist */,
				A14D861D1F8FD67B003C2783 /* NaturalDisaster.xcdatamodeld */,
				A1FAAC071F92B4C200118F78 /* ContactExtraction.swift */,
			);
			path = NaturalDisaster;
			sourceTree = "<group>";
		};
/* End PBXGroup section */

/* Begin PBXNativeTarget section */
		A14D86121F8FD67B003C2783 /* NaturalDisaster */ = {
			isa = PBXNativeTarget;
			buildConfigurationList = A14D86281F8FD67B003C2783 /* Build configuration list for PBXNativeTarget "NaturalDisaster" */;
			buildPhases = (
				A14D860F1F8FD67B003C2783 /* Sources */,
				A14D86101F8FD67B003C2783 /* Frameworks */,
				A14D86111F8FD67B003C2783 /* Resources */,
			);
			buildRules = (
			);
			dependencies = (
			);
			name = NaturalDisaster;
			productName = NaturalDisaster;
			productReference = A14D86131F8FD67B003C2783 /* NaturalDisaster.app */;
			productType = "com.apple.product-type.application";
		};
/* End PBXNativeTarget section */

/* Begin PBXProject section */
		A14D860B1F8FD67B003C2783 /* Project object */ = {
			isa = PBXProject;
			attributes = {
				LastSwiftUpdateCheck = 0830;
				LastUpgradeCheck = 0830;
				ORGANIZATIONNAME = "Emily Chin";
				TargetAttributes = {
					A14D86121F8FD67B003C2783 = {
						CreatedOnToolsVersion = 8.3.3;
						DevelopmentTeam = W867R2Y26U;
						ProvisioningStyle = Automatic;
					};
				};
			};
			buildConfigurationList = A14D860E1F8FD67B003C2783 /* Build configuration list for PBXProject "NaturalDisaster" */;
			compatibilityVersion = "Xcode 3.2";
			developmentRegion = English;
			hasScannedForEncodings = 0;
			knownRegions = (
				en,
				Base,
			);
			mainGroup = A14D860A1F8FD67B003C2783;
			productRefGroup = A14D86141F8FD67B003C2783 /* Products */;
			projectDirPath = "";
			projectRoot = "";
			targets = (
				A14D86121F8FD67B003C2783 /* NaturalDisaster */,
			);
		};
/* End PBXProject section */

/* Begin PBXResourcesBuildPhase section */
		A14D86111F8FD67B003C2783 /* Resources */ = {
			isa = PBXResourcesBuildPhase;
			buildActionMask = 2147483647;
			files = (
				A14D86241F8FD67B003C2783 /* LaunchScreen.storyboard in Resources */,
				A181884E1F92E03100E738E0 /* Contact.storyboard in Resources */,
				A14D862D1F8FDA6B003C2783 /* EmergencyKit.storyboard in Resources */,
				A14D86211F8FD67B003C2783 /* Assets.xcassets in Resources */,
				A14D86321F91DD9B003C2783 /*  Settings.storyboard in Resources */,
				A14D861C1F8FD67B003C2783 /* Main.storyboard in Resources */,
			);
			runOnlyForDeploymentPostprocessing = 0;
		};
/* End PBXResourcesBuildPhase section */

/* Begin PBXSourcesBuildPhase section */
		A14D860F1F8FD67B003C2783 /* Sources */ = {
			isa = PBXSourcesBuildPhase;
			buildActionMask = 2147483647;
			files = (
				A1FAABF01F92484A00118F78 /* AddFirstAidViewController.swift in Sources */,
				A1FAABF41F92506B00118F78 /* OtherViewController.swift in Sources */,
				A1FAABFE1F92621A00118F78 /* ClothesCell.swift in Sources */,
				A1FAABF81F92515100118F78 /* OtherCell.swift in Sources */,
				A1FAABFC1F92617100118F78 /* AddClothesViewController.swift in Sources */,
				A1FAABEA1F9204D300118F78 /* AddFoodViewController.swift in Sources */,
				A1FAAC041F92663200118F78 /* UtilitiesCell.swift in Sources */,
				A1FAABEC1F92122600118F78 /* FoodCell.swift in Sources */,
				A1FAABFA1F92613300118F78 /* ClothesViewController.swift in Sources */,
				A1FAABE61F91F35F00118F78 /* CoreDataHelper.swift in Sources */,
				A1FAAC001F92651A00118F78 /* UtilitesViewController.swift in Sources */,
				A1FAAC021F92655E00118F78 /* AddUtilitiesViewController.swift in Sources */,
				A1FAABF61F9250EA00118F78 /* AddOtherViewController.swift in Sources */,
				A14D86191F8FD67B003C2783 /* ViewController.swift in Sources */,
				A14D861F1F8FD67B003C2783 /* NaturalDisaster.xcdatamodeld in Sources */,
				A1FAAC081F92B4C300118F78 /* ContactExtraction.swift in Sources */,
				A14D862F1F91AF35003C2783 /* EmergencyKitViewController.swift in Sources */,
				A1FAABE81F92047D00118F78 /* FoodViewController.swift in Sources */,
				A1FAABEE1F92482300118F78 /* FirstAidViewController.swift in Sources */,
				A14D86171F8FD67B003C2783 /* AppDelegate.swift in Sources */,
				A1FAABF21F92487B00118F78 /* FirstAidCell.swift in Sources */,
			);
			runOnlyForDeploymentPostprocessing = 0;
		};
/* End PBXSourcesBuildPhase section */

/* Begin PBXVariantGroup section */
		A14D861A1F8FD67B003C2783 /* Main.storyboard */ = {
			isa = PBXVariantGroup;
			children = (
				A14D861B1F8FD67B003C2783 /* Base */,
			);
			name = Main.storyboard;
			sourceTree = "<group>";
		};
		A14D86221F8FD67B003C2783 /* LaunchScreen.storyboard */ = {
			isa = PBXVariantGroup;
			children = (
				A14D86231F8FD67B003C2783 /* Base */,
			);
			name = LaunchScreen.storyboard;
			sourceTree = "<group>";
		};
		A14D862B1F8FDA6B003C2783 /* EmergencyKit.storyboard */ = {
			isa = PBXVariantGroup;
			children = (
				A14D862C1F8FDA6B003C2783 /* Base */,
			);
			name = EmergencyKit.storyboard;
			sourceTree = "<group>";
		};
		A14D86301F91DD9B003C2783 /*  Settings.storyboard */ = {
			isa = PBXVariantGroup;
			children = (
				A14D86311F91DD9B003C2783 /* Base */,
			);
			name = " Settings.storyboard";
			sourceTree = "<group>";
		};
		A181884C1F92E03100E738E0 /* Contact.storyboard */ = {
			isa = PBXVariantGroup;
			children = (
				A181884D1F92E03100E738E0 /* Base */,
			);
			name = Contact.storyboard;
			sourceTree = "<group>";
		};
/* End PBXVariantGroup section */

/* Begin XCBuildConfiguration section */
		A14D86261F8FD67B003C2783 /* Debug */ = {
			isa = XCBuildConfiguration;
			buildSettings = {
				ALWAYS_SEARCH_USER_PATHS = NO;
				CLANG_ANALYZER_NONNULL = YES;
				CLANG_ANALYZER_NUMBER_OBJECT_CONVERSION = YES_AGGRESSIVE;
				CLANG_CXX_LANGUAGE_STANDARD = "gnu++0x";
				CLANG_CXX_LIBRARY = "libc++";
				CLANG_ENABLE_MODULES = YES;
				CLANG_ENABLE_OBJC_ARC = YES;
				CLANG_WARN_BOOL_CONVERSION = YES;
				CLANG_WARN_CONSTANT_CONVERSION = YES;
				CLANG_WARN_DIRECT_OBJC_ISA_USAGE = YES_ERROR;
				CLANG_WARN_DOCUMENTATION_COMMENTS = YES;
				CLANG_WARN_EMPTY_BODY = YES;
				CLANG_WARN_ENUM_CONVERSION = YES;
				CLANG_WARN_INFINITE_RECURSION = YES;
				CLANG_WARN_INT_CONVERSION = YES;
				CLANG_WARN_OBJC_ROOT_CLASS = YES_ERROR;
				CLANG_WARN_SUSPICIOUS_MOVE = YES;
				CLANG_WARN_UNREACHABLE_CODE = YES;
				CLANG_WARN__DUPLICATE_METHOD_MATCH = YES;
				"CODE_SIGN_IDENTITY[sdk=iphoneos*]" = "iPhone Developer";
				COPY_PHASE_STRIP = NO;
				DEBUG_INFORMATION_FORMAT = dwarf;
				ENABLE_STRICT_OBJC_MSGSEND = YES;
				ENABLE_TESTABILITY = YES;
				GCC_C_LANGUAGE_STANDARD = gnu99;
				GCC_DYNAMIC_NO_PIC = NO;
				GCC_NO_COMMON_BLOCKS = YES;
				GCC_OPTIMIZATION_LEVEL = 0;
				GCC_PREPROCESSOR_DEFINITIONS = (
					"DEBUG=1",
					"$(inherited)",
				);
				GCC_WARN_64_TO_32_BIT_CONVERSION = YES;
				GCC_WARN_ABOUT_RETURN_TYPE = YES_ERROR;
				GCC_WARN_UNDECLARED_SELECTOR = YES;
				GCC_WARN_UNINITIALIZED_AUTOS = YES_AGGRESSIVE;
				GCC_WARN_UNUSED_FUNCTION = YES;
				GCC_WARN_UNUSED_VARIABLE = YES;
				IPHONEOS_DEPLOYMENT_TARGET = 10.3;
				MTL_ENABLE_DEBUG_INFO = YES;
				ONLY_ACTIVE_ARCH = YES;
				SDKROOT = iphoneos;
				SWIFT_ACTIVE_COMPILATION_CONDITIONS = DEBUG;
				SWIFT_OPTIMIZATION_LEVEL = "-Onone";
			};
			name = Debug;
		};
		A14D86271F8FD67B003C2783 /* Release */ = {
			isa = XCBuildConfiguration;
			buildSettings = {
				ALWAYS_SEARCH_USER_PATHS = NO;
				CLANG_ANALYZER_NONNULL = YES;
				CLANG_ANALYZER_NUMBER_OBJECT_CONVERSION = YES_AGGRESSIVE;
				CLANG_CXX_LANGUAGE_STANDARD = "gnu++0x";
				CLANG_CXX_LIBRARY = "libc++";
				CLANG_ENABLE_MODULES = YES;
				CLANG_ENABLE_OBJC_ARC = YES;
				CLANG_WARN_BOOL_CONVERSION = YES;
				CLANG_WARN_CONSTANT_CONVERSION = YES;
				CLANG_WARN_DIRECT_OBJC_ISA_USAGE = YES_ERROR;
				CLANG_WARN_DOCUMENTATION_COMMENTS = YES;
				CLANG_WARN_EMPTY_BODY = YES;
				CLANG_WARN_ENUM_CONVERSION = YES;
				CLANG_WARN_INFINITE_RECURSION = YES;
				CLANG_WARN_INT_CONVERSION = YES;
				CLANG_WARN_OBJC_ROOT_CLASS = YES_ERROR;
				CLANG_WARN_SUSPICIOUS_MOVE = YES;
				CLANG_WARN_UNREACHABLE_CODE = YES;
				CLANG_WARN__DUPLICATE_METHOD_MATCH = YES;
				"CODE_SIGN_IDENTITY[sdk=iphoneos*]" = "iPhone Developer";
				COPY_PHASE_STRIP = NO;
				DEBUG_INFORMATION_FORMAT = "dwarf-with-dsym";
				ENABLE_NS_ASSERTIONS = NO;
				ENABLE_STRICT_OBJC_MSGSEND = YES;
				GCC_C_LANGUAGE_STANDARD = gnu99;
				GCC_NO_COMMON_BLOCKS = YES;
				GCC_WARN_64_TO_32_BIT_CONVERSION = YES;
				GCC_WARN_ABOUT_RETURN_TYPE = YES_ERROR;
				GCC_WARN_UNDECLARED_SELECTOR = YES;
				GCC_WARN_UNINITIALIZED_AUTOS = YES_AGGRESSIVE;
				GCC_WARN_UNUSED_FUNCTION = YES;
				GCC_WARN_UNUSED_VARIABLE = YES;
				IPHONEOS_DEPLOYMENT_TARGET = 10.3;
				MTL_ENABLE_DEBUG_INFO = NO;
				SDKROOT = iphoneos;
				SWIFT_OPTIMIZATION_LEVEL = "-Owholemodule";
				VALIDATE_PRODUCT = YES;
			};
			name = Release;
		};
		A14D86291F8FD67B003C2783 /* Debug */ = {
			isa = XCBuildConfiguration;
			buildSettings = {
				ASSETCATALOG_COMPILER_APPICON_NAME = AppIcon;
				DEVELOPMENT_TEAM = W867R2Y26U;
				INFOPLIST_FILE = NaturalDisaster/Info.plist;
				LD_RUNPATH_SEARCH_PATHS = "$(inherited) @executable_path/Frameworks";
				PRODUCT_BUNDLE_IDENTIFIER = com.emilychin.NaturalDisaster;
				PRODUCT_NAME = "$(TARGET_NAME)";
				SWIFT_VERSION = 3.0;
			};
			name = Debug;
		};
		A14D862A1F8FD67B003C2783 /* Release */ = {
			isa = XCBuildConfiguration;
			buildSettings = {
				ASSETCATALOG_COMPILER_APPICON_NAME = AppIcon;
				DEVELOPMENT_TEAM = W867R2Y26U;
				INFOPLIST_FILE = NaturalDisaster/Info.plist;
				LD_RUNPATH_SEARCH_PATHS = "$(inherited) @executable_path/Frameworks";
				PRODUCT_BUNDLE_IDENTIFIER = com.emilychin.NaturalDisaster;
				PRODUCT_NAME = "$(TARGET_NAME)";
				SWIFT_VERSION = 3.0;
			};
			name = Release;
		};
/* End XCBuildConfiguration section */

/* Begin XCConfigurationList section */
		A14D860E1F8FD67B003C2783 /* Build configuration list for PBXProject "NaturalDisaster" */ = {
			isa = XCConfigurationList;
			buildConfigurations = (
				A14D86261F8FD67B003C2783 /* Debug */,
				A14D86271F8FD67B003C2783 /* Release */,
			);
			defaultConfigurationIsVisible = 0;
			defaultConfigurationName = Release;
		};
		A14D86281F8FD67B003C2783 /* Build configuration list for PBXNativeTarget "NaturalDisaster" */ = {
			isa = XCConfigurationList;
			buildConfigurations = (
				A14D86291F8FD67B003C2783 /* Debug */,
				A14D862A1F8FD67B003C2783 /* Release */,
			);
			defaultConfigurationIsVisible = 0;
			defaultConfigurationName = Release;
		};
/* End XCConfigurationList section */

/* Begin XCVersionGroup section */
		A14D861D1F8FD67B003C2783 /* NaturalDisaster.xcdatamodeld */ = {
			isa = XCVersionGroup;
			children = (
				A14D861E1F8FD67B003C2783 /* NaturalDisaster.xcdatamodel */,
			);
			currentVersion = A14D861E1F8FD67B003C2783 /* NaturalDisaster.xcdatamodel */;
			path = NaturalDisaster.xcdatamodeld;
			sourceTree = "<group>";
			versionGroupType = wrapper.xcdatamodel;
		};
/* End XCVersionGroup section */
	};
	rootObject = A14D860B1F8FD67B003C2783 /* Project object */;
}
